
Microsoft Visual Studio Solution File, Format Version 12.00
# Visual Studio Version 17
VisualStudioVersion = 17.4.33213.308
MinimumVisualStudioVersion = 10.0.40219.1
Project("{FAE04EC0-301F-11D3-BF4B-00C04F79EFBC}") = "list", "list\list.csproj", "{A45DF08B-5117-4A43-ADF1-FB750FF8181B}"
EndProject
Global
	GlobalSection(SolutionConfigurationPlatforms) = preSolution
		Debug|Any CPU = Debug|Any CPU
		Release|Any CPU = Release|Any CPU
	EndGlobalSection
	GlobalSection(ProjectConfigurationPlatforms) = postSolution
		{A45DF08B-5117-4A43-ADF1-FB750FF8181B}.Debug|Any CPU.ActiveCfg = Debug|Any CPU
		{A45DF08B-5117-4A43-ADF1-FB750FF8181B}.Debug|Any CPU.Build.0 = Debug|Any CPU
		{A45DF08B-5117-4A43-ADF1-FB750FF8181B}.Release|Any CPU.ActiveCfg = Release|Any CPU
		{A45DF08B-5117-4A43-ADF1-FB750FF8181B}.Release|Any CPU.Build.0 = Release|Any CPU
	EndGlobalSection
	GlobalSection(SolutionProperties) = preSolution
		HideSolutionNode = FALSE
	EndGlobalSection
	GlobalSection(ExtensibilityGlobals) = postSolution
		SolutionGuid = {9FF0CF79-168F-4694-810C-6EF17B0F1321}
	EndGlobalSection
EndGlobal
